
Microsoft Visual Studio Solution File, Format Version 12.00
# Visual Studio Version 17
VisualStudioVersion = 17.13.35806.99
MinimumVisualStudioVersion = 10.0.40219.1
Project("{FAE04EC0-301F-11D3-BF4B-00C04F79EFBC}") = "ShiXun_Crypto", "ShiXun_Crypto\ShiXun_Crypto.csproj", "{C8A5C955-AF36-4B96-A61A-9C9BB10B42C0}"
EndProject
Project("{FAE04EC0-301F-11D3-BF4B-00C04F79EFBC}") = "ShiXun_Crypto_debugger", "..\ShiXun_Crypto_debugger\ShiXun_Crypto_debugger.csproj", "{5E10EC9C-7473-A934-E8B2-984946EF4476}"
EndProject
Global
	GlobalSection(SolutionConfigurationPlatforms) = preSolution
		Debug|Any CPU = Debug|Any CPU
		Release|Any CPU = Release|Any CPU
	EndGlobalSection
	GlobalSection(ProjectConfigurationPlatforms) = postSolution
		{C8A5C955-AF36-4B96-A61A-9C9BB10B42C0}.Debug|Any CPU.ActiveCfg = Debug|Any CPU
		{C8A5C955-AF36-4B96-A61A-9C9BB10B42C0}.Debug|Any CPU.Build.0 = Debug|Any CPU
		{C8A5C955-AF36-4B96-A61A-9C9BB10B42C0}.Release|Any CPU.ActiveCfg = Release|Any CPU
		{C8A5C955-AF36-4B96-A61A-9C9BB10B42C0}.Release|Any CPU.Build.0 = Release|Any CPU
		{5E10EC9C-7473-A934-E8B2-984946EF4476}.Debug|Any CPU.ActiveCfg = Debug|Any CPU
		{5E10EC9C-7473-A934-E8B2-984946EF4476}.Debug|Any CPU.Build.0 = Debug|Any CPU
		{5E10EC9C-7473-A934-E8B2-984946EF4476}.Release|Any CPU.ActiveCfg = Release|Any CPU
		{5E10EC9C-7473-A934-E8B2-984946EF4476}.Release|Any CPU.Build.0 = Release|Any CPU
	EndGlobalSection
	GlobalSection(SolutionProperties) = preSolution
		HideSolutionNode = FALSE
	EndGlobalSection
	GlobalSection(ExtensibilityGlobals) = postSolution
		SolutionGuid = {2F262A3F-8CEC-465E-B4CA-240C82E36B02}
	EndGlobalSection
EndGlobal
